
Microsoft Visual Studio Solution File, Format Version 12.00
# Visual Studio Version 17
VisualStudioVersion = 17.5.33530.505
MinimumVisualStudioVersion = 10.0.40219.1
Project("{9A19103F-16F7-4668-BE54-9A1E7A4F7556}") = "ShapeArea.Library", "src\ShapeArea.Library\ShapeArea.Library.csproj", "{66B9F34E-9E9E-48CF-97AE-2A0C763DB03B}"
EndProject
Project("{9A19103F-16F7-4668-BE54-9A1E7A4F7556}") = "ShapeArea.RoflCLI", "src\ShapeArea.RoflCLI\ShapeArea.RoflCLI.csproj", "{F27495AC-EBD0-4EAA-A963-3520E5CF7078}"
EndProject
Project("{9A19103F-16F7-4668-BE54-9A1E7A4F7556}") = "ShapeArea.Library.UnitTests", "tests\ShapeArea.Library.UnitTests\ShapeArea.Library.UnitTests.csproj", "{F3D20F72-2C3F-47BB-82C6-4E9CD42D736F}"
EndProject
Global
	GlobalSection(SolutionConfigurationPlatforms) = preSolution
		Debug|Any CPU = Debug|Any CPU
		Release|Any CPU = Release|Any CPU
	EndGlobalSection
	GlobalSection(ProjectConfigurationPlatforms) = postSolution
		{66B9F34E-9E9E-48CF-97AE-2A0C763DB03B}.Debug|Any CPU.ActiveCfg = Debug|Any CPU
		{66B9F34E-9E9E-48CF-97AE-2A0C763DB03B}.Debug|Any CPU.Build.0 = Debug|Any CPU
		{66B9F34E-9E9E-48CF-97AE-2A0C763DB03B}.Release|Any CPU.ActiveCfg = Release|Any CPU
		{66B9F34E-9E9E-48CF-97AE-2A0C763DB03B}.Release|Any CPU.Build.0 = Release|Any CPU
		{F27495AC-EBD0-4EAA-A963-3520E5CF7078}.Debug|Any CPU.ActiveCfg = Debug|Any CPU
		{F27495AC-EBD0-4EAA-A963-3520E5CF7078}.Debug|Any CPU.Build.0 = Debug|Any CPU
		{F27495AC-EBD0-4EAA-A963-3520E5CF7078}.Release|Any CPU.ActiveCfg = Release|Any CPU
		{F27495AC-EBD0-4EAA-A963-3520E5CF7078}.Release|Any CPU.Build.0 = Release|Any CPU
		{F3D20F72-2C3F-47BB-82C6-4E9CD42D736F}.Debug|Any CPU.ActiveCfg = Debug|Any CPU
		{F3D20F72-2C3F-47BB-82C6-4E9CD42D736F}.Debug|Any CPU.Build.0 = Debug|Any CPU
		{F3D20F72-2C3F-47BB-82C6-4E9CD42D736F}.Release|Any CPU.ActiveCfg = Release|Any CPU
		{F3D20F72-2C3F-47BB-82C6-4E9CD42D736F}.Release|Any CPU.Build.0 = Release|Any CPU
	EndGlobalSection
	GlobalSection(SolutionProperties) = preSolution
		HideSolutionNode = FALSE
	EndGlobalSection
	GlobalSection(ExtensibilityGlobals) = postSolution
		SolutionGuid = {1A428568-BF56-4C05-964F-31765779A5B9}
	EndGlobalSection
EndGlobal
